
Microsoft Visual Studio Solution File, Format Version 12.00
# Visual Studio 15
VisualStudioVersion = 15.0.27703.2026
MinimumVisualStudioVersion = 10.0.40219.1
Project("{FAE04EC0-301F-11D3-BF4B-00C04F79EFBC}") = "XamApp.Android", "XamApp\XamApp.Android\XamApp.Android.csproj", "{798D0CAE-0B16-4158-B8F7-AE28AEEC43BF}"
EndProject
Project("{FAE04EC0-301F-11D3-BF4B-00C04F79EFBC}") = "XamApp.iOS", "XamApp\XamApp.iOS\XamApp.iOS.csproj", "{A26F73B1-8A30-4D17-8EF3-980A187843E0}"
EndProject
Project("{FAE04EC0-301F-11D3-BF4B-00C04F79EFBC}") = "XamApp", "XamApp\XamApp\XamApp.csproj", "{0E27C233-3491-4432-9E7E-E123FB705B57}"
EndProject
Global
	GlobalSection(SolutionConfigurationPlatforms) = preSolution
		Ad-Hoc|Any CPU = Ad-Hoc|Any CPU
		Ad-Hoc|ARM = Ad-Hoc|ARM
		Ad-Hoc|iPhone = Ad-Hoc|iPhone
		Ad-Hoc|iPhoneSimulator = Ad-Hoc|iPhoneSimulator
		Ad-Hoc|x64 = Ad-Hoc|x64
		Ad-Hoc|x86 = Ad-Hoc|x86
		AppStore|Any CPU = AppStore|Any CPU
		AppStore|ARM = AppStore|ARM
		AppStore|iPhone = AppStore|iPhone
		AppStore|iPhoneSimulator = AppStore|iPhoneSimulator
		AppStore|x64 = AppStore|x64
		AppStore|x86 = AppStore|x86
		Debug|Any CPU = Debug|Any CPU
		Debug|ARM = Debug|ARM
		Debug|iPhone = Debug|iPhone
		Debug|iPhoneSimulator = Debug|iPhoneSimulator
		Debug|x64 = Debug|x64
		Debug|x86 = Debug|x86
		Release|Any CPU = Release|Any CPU
		Release|ARM = Release|ARM
		Release|iPhone = Release|iPhone
		Release|iPhoneSimulator = Release|iPhoneSimulator
		Release|x64 = Release|x64
		Release|x86 = Release|x86
	EndGlobalSection
	GlobalSection(ProjectConfigurationPlatforms) = postSolution
		{798D0CAE-0B16-4158-B8F7-AE28AEEC43BF}.Ad-Hoc|Any CPU.ActiveCfg = Release|Any CPU
		{798D0CAE-0B16-4158-B8F7-AE28AEEC43BF}.Ad-Hoc|Any CPU.Build.0 = Release|Any CPU
		{798D0CAE-0B16-4158-B8F7-AE28AEEC43BF}.Ad-Hoc|Any CPU.Deploy.0 = Release|Any CPU
		{798D0CAE-0B16-4158-B8F7-AE28AEEC43BF}.Ad-Hoc|ARM.ActiveCfg = Release|Any CPU
		{798D0CAE-0B16-4158-B8F7-AE28AEEC43BF}.Ad-Hoc|ARM.Build.0 = Release|Any CPU
		{798D0CAE-0B16-4158-B8F7-AE28AEEC43BF}.Ad-Hoc|ARM.Deploy.0 = Release|Any CPU
		{798D0CAE-0B16-4158-B8F7-AE28AEEC43BF}.Ad-Hoc|iPhone.ActiveCfg = Release|Any CPU
		{798D0CAE-0B16-4158-B8F7-AE28AEEC43BF}.Ad-Hoc|iPhone.Build.0 = Release|Any CPU
		{798D0CAE-0B16-4158-B8F7-AE28AEEC43BF}.Ad-Hoc|iPhone.Deploy.0 = Release|Any CPU
		{798D0CAE-0B16-4158-B8F7-AE28AEEC43BF}.Ad-Hoc|iPhoneSimulator.ActiveCfg = Release|Any CPU
		{798D0CAE-0B16-4158-B8F7-AE28AEEC43BF}.Ad-Hoc|iPhoneSimulator.Build.0 = Release|Any CPU
		{798D0CAE-0B16-4158-B8F7-AE28AEEC43BF}.Ad-Hoc|iPhoneSimulator.Deploy.0 = Release|Any CPU
		{798D0CAE-0B16-4158-B8F7-AE28AEEC43BF}.Ad-Hoc|x64.ActiveCfg = Release|Any CPU
		{798D0CAE-0B16-4158-B8F7-AE28AEEC43BF}.Ad-Hoc|x64.Build.0 = Release|Any CPU
		{798D0CAE-0B16-4158-B8F7-AE28AEEC43BF}.Ad-Hoc|x64.Deploy.0 = Release|Any CPU
		{798D0CAE-0B16-4158-B8F7-AE28AEEC43BF}.Ad-Hoc|x86.ActiveCfg = Release|Any CPU
		{798D0CAE-0B16-4158-B8F7-AE28AEEC43BF}.Ad-Hoc|x86.Build.0 = Release|Any CPU
		{798D0CAE-0B16-4158-B8F7-AE28AEEC43BF}.Ad-Hoc|x86.Deploy.0 = Release|Any CPU
		{798D0CAE-0B16-4158-B8F7-AE28AEEC43BF}.AppStore|Any CPU.ActiveCfg = Release|Any CPU
		{798D0CAE-0B16-4158-B8F7-AE28AEEC43BF}.AppStore|Any CPU.Build.0 = Release|Any CPU
		{798D0CAE-0B16-4158-B8F7-AE28AEEC43BF}.AppStore|Any CPU.Deploy.0 = Release|Any CPU
		{798D0CAE-0B16-4158-B8F7-AE28AEEC43BF}.AppStore|ARM.ActiveCfg = Release|Any CPU
		{798D0CAE-0B16-4158-B8F7-AE28AEEC43BF}.AppStore|ARM.Build.0 = Release|Any CPU
		{798D0CAE-0B16-4158-B8F7-AE28AEEC43BF}.AppStore|ARM.Deploy.0 = Release|Any CPU
		{798D0CAE-0B16-4158-B8F7-AE28AEEC43BF}.AppStore|iPhone.ActiveCfg = Release|Any CPU
		{798D0CAE-0B16-4158-B8F7-AE28AEEC43BF}.AppStore|iPhone.Build.0 = Release|Any CPU
		{798D0CAE-0B16-4158-B8F7-AE28AEEC43BF}.AppStore|iPhone.Deploy.0 = Release|Any CPU
		{798D0CAE-0B16-4158-B8F7-AE28AEEC43BF}.AppStore|iPhoneSimulator.ActiveCfg = Release|Any CPU
		{798D0CAE-0B16-4158-B8F7-AE28AEEC43BF}.AppStore|iPhoneSimulator.Build.0 = Release|Any CPU
		{798D0CAE-0B16-4158-B8F7-AE28AEEC43BF}.AppStore|iPhoneSimulator.Deploy.0 = Release|Any CPU
		{798D0CAE-0B16-4158-B8F7-AE28AEEC43BF}.AppStore|x64.ActiveCfg = Release|Any CPU
		{798D0CAE-0B16-4158-B8F7-AE28AEEC43BF}.AppStore|x64.Build.0 = Release|Any CPU
		{798D0CAE-0B16-4158-B8F7-AE28AEEC43BF}.AppStore|x64.Deploy.0 = Release|Any CPU
		{798D0CAE-0B16-4158-B8F7-AE28AEEC43BF}.AppStore|x86.ActiveCfg = Release|Any CPU
		{798D0CAE-0B16-4158-B8F7-AE28AEEC43BF}.AppStore|x86.Build.0 = Release|Any CPU
		{798D0CAE-0B16-4158-B8F7-AE28AEEC43BF}.AppStore|x86.Deploy.0 = Release|Any CPU
		{798D0CAE-0B16-4158-B8F7-AE28AEEC43BF}.Debug|Any CPU.ActiveCfg = Debug|Any CPU
		{798D0CAE-0B16-4158-B8F7-AE28AEEC43BF}.Debug|Any CPU.Build.0 = Debug|Any CPU
		{798D0CAE-0B16-4158-B8F7-AE28AEEC43BF}.Debug|Any CPU.Deploy.0 = Debug|Any CPU
		{798D0CAE-0B16-4158-B8F7-AE28AEEC43BF}.Debug|ARM.ActiveCfg = Debug|Any CPU
		{798D0CAE-0B16-4158-B8F7-AE28AEEC43BF}.Debug|ARM.Build.0 = Debug|Any CPU
		{798D0CAE-0B16-4158-B8F7-AE28AEEC43BF}.Debug|ARM.Deploy.0 = Debug|Any CPU
		{798D0CAE-0B16-4158-B8F7-AE28AEEC43BF}.Debug|iPhone.ActiveCfg = Debug|Any CPU
		{798D0CAE-0B16-4158-B8F7-AE28AEEC43BF}.Debug|iPhone.Build.0 = Debug|Any CPU
		{798D0CAE-0B16-4158-B8F7-AE28AEEC43BF}.Debug|iPhone.Deploy.0 = Debug|Any CPU
		{798D0CAE-0B16-4158-B8F7-AE28AEEC43BF}.Debug|iPhoneSimulator.ActiveCfg = Debug|Any CPU
		{798D0CAE-0B16-4158-B8F7-AE28AEEC43BF}.Debug|iPhoneSimulator.Build.0 = Debug|Any CPU
		{798D0CAE-0B16-4158-B8F7-AE28AEEC43BF}.Debug|iPhoneSimulator.Deploy.0 = Debug|Any CPU
		{798D0CAE-0B16-4158-B8F7-AE28AEEC43BF}.Debug|x64.ActiveCfg = Debug|Any CPU
		{798D0CAE-0B16-4158-B8F7-AE28AEEC43BF}.Debug|x64.Build.0 = Debug|Any CPU
		{798D0CAE-0B16-4158-B8F7-AE28AEEC43BF}.Debug|x64.Deploy.0 = Debug|Any CPU
		{798D0CAE-0B16-4158-B8F7-AE28AEEC43BF}.Debug|x86.ActiveCfg = Debug|Any CPU
		{798D0CAE-0B16-4158-B8F7-AE28AEEC43BF}.Debug|x86.Build.0 = Debug|Any CPU
		{798D0CAE-0B16-4158-B8F7-AE28AEEC43BF}.Debug|x86.Deploy.0 = Debug|Any CPU
		{798D0CAE-0B16-4158-B8F7-AE28AEEC43BF}.Release|Any CPU.ActiveCfg = Release|Any CPU
		{798D0CAE-0B16-4158-B8F7-AE28AEEC43BF}.Release|Any CPU.Build.0 = Release|Any CPU
		{798D0CAE-0B16-4158-B8F7-AE28AEEC43BF}.Release|Any CPU.Deploy.0 = Release|Any CPU
		{798D0CAE-0B16-4158-B8F7-AE28AEEC43BF}.Release|ARM.ActiveCfg = Release|Any CPU
		{798D0CAE-0B16-4158-B8F7-AE28AEEC43BF}.Release|ARM.Build.0 = Release|Any CPU
		{798D0CAE-0B16-4158-B8F7-AE28AEEC43BF}.Release|ARM.Deploy.0 = Release|Any CPU
		{798D0CAE-0B16-4158-B8F7-AE28AEEC43BF}.Release|iPhone.ActiveCfg = Release|Any CPU
		{798D0CAE-0B16-4158-B8F7-AE28AEEC43BF}.Release|iPhone.Build.0 = Release|Any CPU
		{798D0CAE-0B16-4158-B8F7-AE28AEEC43BF}.Release|iPhone.Deploy.0 = Release|Any CPU
		{798D0CAE-0B16-4158-B8F7-AE28AEEC43BF}.Release|iPhoneSimulator.ActiveCfg = Release|Any CPU
		{798D0CAE-0B16-4158-B8F7-AE28AEEC43BF}.Release|iPhoneSimulator.Build.0 = Release|Any CPU
		{798D0CAE-0B16-4158-B8F7-AE28AEEC43BF}.Release|iPhoneSimulator.Deploy.0 = Release|Any CPU
		{798D0CAE-0B16-4158-B8F7-AE28AEEC43BF}.Release|x64.ActiveCfg = Release|Any CPU
		{798D0CAE-0B16-4158-B8F7-AE28AEEC43BF}.Release|x64.Build.0 = Release|Any CPU
		{798D0CAE-0B16-4158-B8F7-AE28AEEC43BF}.Release|x64.Deploy.0 = Release|Any CPU
		{798D0CAE-0B16-4158-B8F7-AE28AEEC43BF}.Release|x86.ActiveCfg = Release|Any CPU
		{798D0CAE-0B16-4158-B8F7-AE28AEEC43BF}.Release|x86.Build.0 = Release|Any CPU
		{798D0CAE-0B16-4158-B8F7-AE28AEEC43BF}.Release|x86.Deploy.0 = Release|Any CPU
		{A26F73B1-8A30-4D17-8EF3-980A187843E0}.Ad-Hoc|Any CPU.ActiveCfg = Ad-Hoc|iPhone
		{A26F73B1-8A30-4D17-8EF3-980A187843E0}.Ad-Hoc|Any CPU.Build.0 = Ad-Hoc|iPhone
		{A26F73B1-8A30-4D17-8EF3-980A187843E0}.Ad-Hoc|Any CPU.Deploy.0 = Ad-Hoc|iPhone
		{A26F73B1-8A30-4D17-8EF3-980A187843E0}.Ad-Hoc|ARM.ActiveCfg = Ad-Hoc|iPhone
		{A26F73B1-8A30-4D17-8EF3-980A187843E0}.Ad-Hoc|ARM.Build.0 = Ad-Hoc|iPhone
		{A26F73B1-8A30-4D17-8EF3-980A187843E0}.Ad-Hoc|ARM.Deploy.0 = Ad-Hoc|iPhone
		{A26F73B1-8A30-4D17-8EF3-980A187843E0}.Ad-Hoc|iPhone.ActiveCfg = Ad-Hoc|iPhone
		{A26F73B1-8A30-4D17-8EF3-980A187843E0}.Ad-Hoc|iPhone.Build.0 = Ad-Hoc|iPhone
		{A26F73B1-8A30-4D17-8EF3-980A187843E0}.Ad-Hoc|iPhone.Deploy.0 = Ad-Hoc|iPhone
		{A26F73B1-8A30-4D17-8EF3-980A187843E0}.Ad-Hoc|iPhoneSimulator.ActiveCfg = Ad-Hoc|iPhoneSimulator
		{A26F73B1-8A30-4D17-8EF3-980A187843E0}.Ad-Hoc|iPhoneSimulator.Build.0 = Ad-Hoc|iPhoneSimulator
		{A26F73B1-8A30-4D17-8EF3-980A187843E0}.Ad-Hoc|iPhoneSimulator.Deploy.0 = Ad-Hoc|iPhoneSimulator
		{A26F73B1-8A30-4D17-8EF3-980A187843E0}.Ad-Hoc|x64.ActiveCfg = Ad-Hoc|iPhone
		{A26F73B1-8A30-4D17-8EF3-980A187843E0}.Ad-Hoc|x64.Build.0 = Ad-Hoc|iPhone
		{A26F73B1-8A30-4D17-8EF3-980A187843E0}.Ad-Hoc|x64.Deploy.0 = Ad-Hoc|iPhone
		{A26F73B1-8A30-4D17-8EF3-980A187843E0}.Ad-Hoc|x86.ActiveCfg = Ad-Hoc|iPhone
		{A26F73B1-8A30-4D17-8EF3-980A187843E0}.Ad-Hoc|x86.Build.0 = Ad-Hoc|iPhone
		{A26F73B1-8A30-4D17-8EF3-980A187843E0}.Ad-Hoc|x86.Deploy.0 = Ad-Hoc|iPhone
		{A26F73B1-8A30-4D17-8EF3-980A187843E0}.AppStore|Any CPU.ActiveCfg = AppStore|iPhone
		{A26F73B1-8A30-4D17-8EF3-980A187843E0}.AppStore|Any CPU.Build.0 = AppStore|iPhone
		{A26F73B1-8A30-4D17-8EF3-980A187843E0}.AppStore|Any CPU.Deploy.0 = AppStore|iPhone
		{A26F73B1-8A30-4D17-8EF3-980A187843E0}.AppStore|ARM.ActiveCfg = AppStore|iPhone
		{A26F73B1-8A30-4D17-8EF3-980A187843E0}.AppStore|ARM.Build.0 = AppStore|iPhone
		{A26F73B1-8A30-4D17-8EF3-980A187843E0}.AppStore|ARM.Deploy.0 = AppStore|iPhone
		{A26F73B1-8A30-4D17-8EF3-980A187843E0}.AppStore|iPhone.ActiveCfg = AppStore|iPhone
		{A26F73B1-8A30-4D17-8EF3-980A187843E0}.AppStore|iPhone.Build.0 = AppStore|iPhone
		{A26F73B1-8A30-4D17-8EF3-980A187843E0}.AppStore|iPhone.Deploy.0 = AppStore|iPhone
		{A26F73B1-8A30-4D17-8EF3-980A187843E0}.AppStore|iPhoneSimulator.ActiveCfg = AppStore|iPhoneSimulator
		{A26F73B1-8A30-4D17-8EF3-980A187843E0}.AppStore|iPhoneSimulator.Build.0 = AppStore|iPhoneSimulator
		{A26F73B1-8A30-4D17-8EF3-980A187843E0}.AppStore|iPhoneSimulator.Deploy.0 = AppStore|iPhoneSimulator
		{A26F73B1-8A30-4D17-8EF3-980A187843E0}.AppStore|x64.ActiveCfg = AppStore|iPhone
		{A26F73B1-8A30-4D17-8EF3-980A187843E0}.AppStore|x64.Build.0 = AppStore|iPhone
		{A26F73B1-8A30-4D17-8EF3-980A187843E0}.AppStore|x64.Deploy.0 = AppStore|iPhone
		{A26F73B1-8A30-4D17-8EF3-980A187843E0}.AppStore|x86.ActiveCfg = AppStore|iPhone
		{A26F73B1-8A30-4D17-8EF3-980A187843E0}.AppStore|x86.Build.0 = AppStore|iPhone
		{A26F73B1-8A30-4D17-8EF3-980A187843E0}.AppStore|x86.Deploy.0 = AppStore|iPhone
		{A26F73B1-8A30-4D17-8EF3-980A187843E0}.Debug|Any CPU.ActiveCfg = Debug|iPhoneSimulator
		{A26F73B1-8A30-4D17-8EF3-980A187843E0}.Debug|Any CPU.Build.0 = Debug|iPhoneSimulator
		{A26F73B1-8A30-4D17-8EF3-980A187843E0}.Debug|Any CPU.Deploy.0 = Debug|iPhoneSimulator
		{A26F73B1-8A30-4D17-8EF3-980A187843E0}.Debug|ARM.ActiveCfg = Debug|iPhone
		{A26F73B1-8A30-4D17-8EF3-980A187843E0}.Debug|ARM.Build.0 = Debug|iPhone
		{A26F73B1-8A30-4D17-8EF3-980A187843E0}.Debug|ARM.Deploy.0 = Debug|iPhone
		{A26F73B1-8A30-4D17-8EF3-980A187843E0}.Debug|iPhone.ActiveCfg = Debug|iPhone
		{A26F73B1-8A30-4D17-8EF3-980A187843E0}.Debug|iPhone.Build.0 = Debug|iPhone
		{A26F73B1-8A30-4D17-8EF3-980A187843E0}.Debug|iPhone.Deploy.0 = Debug|iPhone
		{A26F73B1-8A30-4D17-8EF3-980A187843E0}.Debug|iPhoneSimulator.ActiveCfg = Debug|iPhoneSimulator
		{A26F73B1-8A30-4D17-8EF3-980A187843E0}.Debug|iPhoneSimulator.Build.0 = Debug|iPhoneSimulator
		{A26F73B1-8A30-4D17-8EF3-980A187843E0}.Debug|iPhoneSimulator.Deploy.0 = Debug|iPhoneSimulator
		{A26F73B1-8A30-4D17-8EF3-980A187843E0}.Debug|x64.ActiveCfg = Debug|iPhone
		{A26F73B1-8A30-4D17-8EF3-980A187843E0}.Debug|x64.Build.0 = Debug|iPhone
		{A26F73B1-8A30-4D17-8EF3-980A187843E0}.Debug|x64.Deploy.0 = Debug|iPhone
		{A26F73B1-8A30-4D17-8EF3-980A187843E0}.Debug|x86.ActiveCfg = Debug|iPhone
		{A26F73B1-8A30-4D17-8EF3-980A187843E0}.Debug|x86.Build.0 = Debug|iPhone
		{A26F73B1-8A30-4D17-8EF3-980A187843E0}.Debug|x86.Deploy.0 = Debug|iPhone
		{A26F73B1-8A30-4D17-8EF3-980A187843E0}.Release|Any CPU.ActiveCfg = Release|iPhone
		{A26F73B1-8A30-4D17-8EF3-980A187843E0}.Release|Any CPU.Build.0 = Release|iPhone
		{A26F73B1-8A30-4D17-8EF3-980A187843E0}.Release|Any CPU.Deploy.0 = Release|iPhone
		{A26F73B1-8A30-4D17-8EF3-980A187843E0}.Release|ARM.ActiveCfg = Release|iPhone
		{A26F73B1-8A30-4D17-8EF3-980A187843E0}.Release|ARM.Build.0 = Release|iPhone
		{A26F73B1-8A30-4D17-8EF3-980A187843E0}.Release|ARM.Deploy.0 = Release|iPhone
		{A26F73B1-8A30-4D17-8EF3-980A187843E0}.Release|iPhone.ActiveCfg = Release|iPhone
		{A26F73B1-8A30-4D17-8EF3-980A187843E0}.Release|iPhone.Build.0 = Release|iPhone
		{A26F73B1-8A30-4D17-8EF3-980A187843E0}.Release|iPhone.Deploy.0 = Release|iPhone
		{A26F73B1-8A30-4D17-8EF3-980A187843E0}.Release|iPhoneSimulator.ActiveCfg = Release|iPhoneSimulator
		{A26F73B1-8A30-4D17-8EF3-980A187843E0}.Release|iPhoneSimulator.Build.0 = Release|iPhoneSimulator
		{A26F73B1-8A30-4D17-8EF3-980A187843E0}.Release|iPhoneSimulator.Deploy.0 = Release|iPhoneSimulator
		{A26F73B1-8A30-4D17-8EF3-980A187843E0}.Release|x64.ActiveCfg = Release|iPhone
		{A26F73B1-8A30-4D17-8EF3-980A187843E0}.Release|x64.Build.0 = Release|iPhone
		{A26F73B1-8A30-4D17-8EF3-980A187843E0}.Release|x64.Deploy.0 = Release|iPhone
		{A26F73B1-8A30-4D17-8EF3-980A187843E0}.Release|x86.ActiveCfg = Release|iPhone
		{A26F73B1-8A30-4D17-8EF3-980A187843E0}.Release|x86.Build.0 = Release|iPhone
		{A26F73B1-8A30-4D17-8EF3-980A187843E0}.Release|x86.Deploy.0 = Release|iPhone
		{0E27C233-3491-4432-9E7E-E123FB705B57}.Ad-Hoc|Any CPU.ActiveCfg = Debug|Any CPU
		{0E27C233-3491-4432-9E7E-E123FB705B57}.Ad-Hoc|Any CPU.Build.0 = Debug|Any CPU
		{0E27C233-3491-4432-9E7E-E123FB705B57}.Ad-Hoc|Any CPU.Deploy.0 = Debug|Any CPU
		{0E27C233-3491-4432-9E7E-E123FB705B57}.Ad-Hoc|ARM.ActiveCfg = Debug|Any CPU
		{0E27C233-3491-4432-9E7E-E123FB705B57}.Ad-Hoc|ARM.Build.0 = Debug|Any CPU
		{0E27C233-3491-4432-9E7E-E123FB705B57}.Ad-Hoc|ARM.Deploy.0 = Debug|Any CPU
		{0E27C233-3491-4432-9E7E-E123FB705B57}.Ad-Hoc|iPhone.ActiveCfg = Debug|Any CPU
		{0E27C233-3491-4432-9E7E-E123FB705B57}.Ad-Hoc|iPhone.Build.0 = Debug|Any CPU
		{0E27C233-3491-4432-9E7E-E123FB705B57}.Ad-Hoc|iPhone.Deploy.0 = Debug|Any CPU
		{0E27C233-3491-4432-9E7E-E123FB705B57}.Ad-Hoc|iPhoneSimulator.ActiveCfg = Debug|Any CPU
		{0E27C233-3491-4432-9E7E-E123FB705B57}.Ad-Hoc|iPhoneSimulator.Build.0 = Debug|Any CPU
		{0E27C233-3491-4432-9E7E-E123FB705B57}.Ad-Hoc|iPhoneSimulator.Deploy.0 = Debug|Any CPU
		{0E27C233-3491-4432-9E7E-E123FB705B57}.Ad-Hoc|x64.ActiveCfg = Debug|Any CPU
		{0E27C233-3491-4432-9E7E-E123FB705B57}.Ad-Hoc|x64.Build.0 = Debug|Any CPU
		{0E27C233-3491-4432-9E7E-E123FB705B57}.Ad-Hoc|x64.Deploy.0 = Debug|Any CPU
		{0E27C233-3491-4432-9E7E-E123FB705B57}.Ad-Hoc|x86.ActiveCfg = Debug|Any CPU
		{0E27C233-3491-4432-9E7E-E123FB705B57}.Ad-Hoc|x86.Build.0 = Debug|Any CPU
		{0E27C233-3491-4432-9E7E-E123FB705B57}.Ad-Hoc|x86.Deploy.0 = Debug|Any CPU
		{0E27C233-3491-4432-9E7E-E123FB705B57}.AppStore|Any CPU.ActiveCfg = Debug|Any CPU
		{0E27C233-3491-4432-9E7E-E123FB705B57}.AppStore|Any CPU.Build.0 = Debug|Any CPU
		{0E27C233-3491-4432-9E7E-E123FB705B57}.AppStore|Any CPU.Deploy.0 = Debug|Any CPU
		{0E27C233-3491-4432-9E7E-E123FB705B57}.AppStore|ARM.ActiveCfg = Debug|Any CPU
		{0E27C233-3491-4432-9E7E-E123FB705B57}.AppStore|ARM.Build.0 = Debug|Any CPU
		{0E27C233-3491-4432-9E7E-E123FB705B57}.AppStore|ARM.Deploy.0 = Debug|Any CPU
		{0E27C233-3491-4432-9E7E-E123FB705B57}.AppStore|iPhone.ActiveCfg = Debug|Any CPU
		{0E27C233-3491-4432-9E7E-E123FB705B57}.AppStore|iPhone.Build.0 = Debug|Any CPU
		{0E27C233-3491-4432-9E7E-E123FB705B57}.AppStore|iPhone.Deploy.0 = Debug|Any CPU
		{0E27C233-3491-4432-9E7E-E123FB705B57}.AppStore|iPhoneSimulator.ActiveCfg = Debug|Any CPU
		{0E27C233-3491-4432-9E7E-E123FB705B57}.AppStore|iPhoneSimulator.Build.0 = Debug|Any CPU
		{0E27C233-3491-4432-9E7E-E123FB705B57}.AppStore|iPhoneSimulator.Deploy.0 = Debug|Any CPU
		{0E27C233-3491-4432-9E7E-E123FB705B57}.AppStore|x64.ActiveCfg = Debug|Any CPU
		{0E27C233-3491-4432-9E7E-E123FB705B57}.AppStore|x64.Build.0 = Debug|Any CPU
		{0E27C233-3491-4432-9E7E-E123FB705B57}.AppStore|x64.Deploy.0 = Debug|Any CPU
		{0E27C233-3491-4432-9E7E-E123FB705B57}.AppStore|x86.ActiveCfg = Debug|Any CPU
		{0E27C233-3491-4432-9E7E-E123FB705B57}.AppStore|x86.Build.0 = Debug|Any CPU
		{0E27C233-3491-4432-9E7E-E123FB705B57}.AppStore|x86.Deploy.0 = Debug|Any CPU
		{0E27C233-3491-4432-9E7E-E123FB705B57}.Debug|Any CPU.ActiveCfg = Debug|Any CPU
		{0E27C233-3491-4432-9E7E-E123FB705B57}.Debug|Any CPU.Build.0 = Debug|Any CPU
		{0E27C233-3491-4432-9E7E-E123FB705B57}.Debug|Any CPU.Deploy.0 = Debug|Any CPU
		{0E27C233-3491-4432-9E7E-E123FB705B57}.Debug|ARM.ActiveCfg = Debug|Any CPU
		{0E27C233-3491-4432-9E7E-E123FB705B57}.Debug|ARM.Build.0 = Debug|Any CPU
		{0E27C233-3491-4432-9E7E-E123FB705B57}.Debug|ARM.Deploy.0 = Debug|Any CPU
		{0E27C233-3491-4432-9E7E-E123FB705B57}.Debug|iPhone.ActiveCfg = Debug|Any CPU
		{0E27C233-3491-4432-9E7E-E123FB705B57}.Debug|iPhone.Build.0 = Debug|Any CPU
		{0E27C233-3491-4432-9E7E-E123FB705B57}.Debug|iPhone.Deploy.0 = Debug|Any CPU
		{0E27C233-3491-4432-9E7E-E123FB705B57}.Debug|iPhoneSimulator.ActiveCfg = Debug|Any CPU
		{0E27C233-3491-4432-9E7E-E123FB705B57}.Debug|iPhoneSimulator.Build.0 = Debug|Any CPU
		{0E27C233-3491-4432-9E7E-E123FB705B57}.Debug|iPhoneSimulator.Deploy.0 = Debug|Any CPU
		{0E27C233-3491-4432-9E7E-E123FB705B57}.Debug|x64.ActiveCfg = Debug|Any CPU
		{0E27C233-3491-4432-9E7E-E123FB705B57}.Debug|x64.Build.0 = Debug|Any CPU
		{0E27C233-3491-4432-9E7E-E123FB705B57}.Debug|x64.Deploy.0 = Debug|Any CPU
		{0E27C233-3491-4432-9E7E-E123FB705B57}.Debug|x86.ActiveCfg = Debug|Any CPU
		{0E27C233-3491-4432-9E7E-E123FB705B57}.Debug|x86.Build.0 = Debug|Any CPU
		{0E27C233-3491-4432-9E7E-E123FB705B57}.Debug|x86.Deploy.0 = Debug|Any CPU
		{0E27C233-3491-4432-9E7E-E123FB705B57}.Release|Any CPU.ActiveCfg = Release|Any CPU
		{0E27C233-3491-4432-9E7E-E123FB705B57}.Release|Any CPU.Build.0 = Release|Any CPU
		{0E27C233-3491-4432-9E7E-E123FB705B57}.Release|Any CPU.Deploy.0 = Release|Any CPU
		{0E27C233-3491-4432-9E7E-E123FB705B57}.Release|ARM.ActiveCfg = Release|Any CPU
		{0E27C233-3491-4432-9E7E-E123FB705B57}.Release|ARM.Build.0 = Release|Any CPU
		{0E27C233-3491-4432-9E7E-E123FB705B57}.Release|ARM.Deploy.0 = Release|Any CPU
		{0E27C233-3491-4432-9E7E-E123FB705B57}.Release|iPhone.ActiveCfg = Release|Any CPU
		{0E27C233-3491-4432-9E7E-E123FB705B57}.Release|iPhone.Build.0 = Release|Any CPU
		{0E27C233-3491-4432-9E7E-E123FB705B57}.Release|iPhone.Deploy.0 = Release|Any CPU
		{0E27C233-3491-4432-9E7E-E123FB705B57}.Release|iPhoneSimulator.ActiveCfg = Release|Any CPU
		{0E27C233-3491-4432-9E7E-E123FB705B57}.Release|iPhoneSimulator.Build.0 = Release|Any CPU
		{0E27C233-3491-4432-9E7E-E123FB705B57}.Release|iPhoneSimulator.Deploy.0 = Release|Any CPU
		{0E27C233-3491-4432-9E7E-E123FB705B57}.Release|x64.ActiveCfg = Release|Any CPU
		{0E27C233-3491-4432-9E7E-E123FB705B57}.Release|x64.Build.0 = Release|Any CPU
		{0E27C233-3491-4432-9E7E-E123FB705B57}.Release|x64.Deploy.0 = Release|Any CPU
		{0E27C233-3491-4432-9E7E-E123FB705B57}.Release|x86.ActiveCfg = Release|Any CPU
		{0E27C233-3491-4432-9E7E-E123FB705B57}.Release|x86.Build.0 = Release|Any CPU
		{0E27C233-3491-4432-9E7E-E123FB705B57}.Release|x86.Deploy.0 = Release|Any CPU
	EndGlobalSection
	GlobalSection(SolutionProperties) = preSolution
		HideSolutionNode = FALSE
	EndGlobalSection
	GlobalSection(ExtensibilityGlobals) = postSolution
		SolutionGuid = {ED60FEA5-EDF5-4831-82F9-69AE555C7BF6}
	EndGlobalSection
EndGlobal
